
Microsoft Visual Studio Solution File, Format Version 10.00
# Visual Studio 2008
Project("{FAE04EC0-301F-11D3-BF4B-00C04F79EFBC}") = "日语单词背诵系统", "日语单词背诵系统\日语单词背诵系统.csproj", "{AA9E0E64-D1E9-424C-BD1C-22C98B1E496C}"
EndProject
Global
	GlobalSection(SolutionConfigurationPlatforms) = preSolution
		Debug|Any CPU = Debug|Any CPU
		Release|Any CPU = Release|Any CPU
	EndGlobalSection
	GlobalSection(ProjectConfigurationPlatforms) = postSolution
		{AA9E0E64-D1E9-424C-BD1C-22C98B1E496C}.Debug|Any CPU.ActiveCfg = Debug|Any CPU
		{AA9E0E64-D1E9-424C-BD1C-22C98B1E496C}.Debug|Any CPU.Build.0 = Debug|Any CPU
		{AA9E0E64-D1E9-424C-BD1C-22C98B1E496C}.Release|Any CPU.ActiveCfg = Release|Any CPU
		{AA9E0E64-D1E9-424C-BD1C-22C98B1E496C}.Release|Any CPU.Build.0 = Release|Any CPU
	EndGlobalSection
	GlobalSection(SolutionProperties) = preSolution
		HideSolutionNode = FALSE
	EndGlobalSection
EndGlobal
